
Microsoft Visual Studio Solution File, Format Version 12.00
# Visual Studio Version 16
VisualStudioVersion = 16.0.31402.337
MinimumVisualStudioVersion = 10.0.40219.1
Project("{FAE04EC0-301F-11D3-BF4B-00C04F79EFBC}") = "WinFormsApp1", "WinFormsApp1\WinFormsApp1.csproj", "{007FFD6F-F17A-4BF9-A92C-D86069192350}"
EndProject
Global
	GlobalSection(SolutionConfigurationPlatforms) = preSolution
		Debug|Any CPU = Debug|Any CPU
		Release|Any CPU = Release|Any CPU
	EndGlobalSection
	GlobalSection(ProjectConfigurationPlatforms) = postSolution
		{007FFD6F-F17A-4BF9-A92C-D86069192350}.Debug|Any CPU.ActiveCfg = Debug|Any CPU
		{007FFD6F-F17A-4BF9-A92C-D86069192350}.Debug|Any CPU.Build.0 = Debug|Any CPU
		{007FFD6F-F17A-4BF9-A92C-D86069192350}.Release|Any CPU.ActiveCfg = Release|Any CPU
		{007FFD6F-F17A-4BF9-A92C-D86069192350}.Release|Any CPU.Build.0 = Release|Any CPU
	EndGlobalSection
	GlobalSection(SolutionProperties) = preSolution
		HideSolutionNode = FALSE
	EndGlobalSection
	GlobalSection(ExtensibilityGlobals) = postSolution
		SolutionGuid = {3238971F-C496-459D-84EB-B07EE8064CF2}
	EndGlobalSection
EndGlobal
